
Microsoft Visual Studio Solution File, Format Version 12.00
# Visual Studio Version 17
VisualStudioVersion = 17.0.31903.59
MinimumVisualStudioVersion = 10.0.40219.1
Project("{2150E333-8FDC-42A3-9474-1A3956D46DE8}") = "src", "src", "{29D5C055-963F-44DB-AD26-FCCAFC6A3014}"
EndProject
Project("{FAE04EC0-301F-11D3-BF4B-00C04F79EFBC}") = "WorkspaceHub.Domain", "src\WorkspaceHub.Domain\WorkspaceHub.Domain.csproj", "{EB1BAD4C-A685-4FA8-9DF6-E12251D727E0}"
EndProject
Project("{FAE04EC0-301F-11D3-BF4B-00C04F79EFBC}") = "WorkspaceHub.Application", "src\WorkspaceHub.Application\WorkspaceHub.Application.csproj", "{EBAAF393-A765-4F1A-90D8-DD65153C9EFD}"
EndProject
Project("{FAE04EC0-301F-11D3-BF4B-00C04F79EFBC}") = "WorkspaceHub.Infrastructure", "src\WorkspaceHub.Infrastructure\WorkspaceHub.Infrastructure.csproj", "{3C3565BC-6661-404F-BE99-C14A791B9C8A}"
EndProject
Project("{FAE04EC0-301F-11D3-BF4B-00C04F79EFBC}") = "WorkspaceHub.Api", "src\WorkspaceHub.Api\WorkspaceHub.Api.csproj", "{9A4167C0-DC08-4494-A36D-54C22763E5B6}"
EndProject
Project("{2150E333-8FDC-42A3-9474-1A3956D46DE8}") = "tests", "tests", "{0AB3BF05-4346-4AA6-1389-037BE0695223}"
EndProject
Project("{FAE04EC0-301F-11D3-BF4B-00C04F79EFBC}") = "WorkspaceHub.Tests", "tests\WorkspaceHub.Tests\WorkspaceHub.Tests.csproj", "{885E3A89-54D6-42EA-8CA4-9C95B3695D1A}"
EndProject
Global
	GlobalSection(SolutionConfigurationPlatforms) = preSolution
		Debug|Any CPU = Debug|Any CPU
		Debug|x64 = Debug|x64
		Debug|x86 = Debug|x86
		Release|Any CPU = Release|Any CPU
		Release|x64 = Release|x64
		Release|x86 = Release|x86
	EndGlobalSection
	GlobalSection(ProjectConfigurationPlatforms) = postSolution
		{EB1BAD4C-A685-4FA8-9DF6-E12251D727E0}.Debug|Any CPU.ActiveCfg = Debug|Any CPU
		{EB1BAD4C-A685-4FA8-9DF6-E12251D727E0}.Debug|Any CPU.Build.0 = Debug|Any CPU
		{EB1BAD4C-A685-4FA8-9DF6-E12251D727E0}.Debug|x64.ActiveCfg = Debug|Any CPU
		{EB1BAD4C-A685-4FA8-9DF6-E12251D727E0}.Debug|x64.Build.0 = Debug|Any CPU
		{EB1BAD4C-A685-4FA8-9DF6-E12251D727E0}.Debug|x86.ActiveCfg = Debug|Any CPU
		{EB1BAD4C-A685-4FA8-9DF6-E12251D727E0}.Debug|x86.Build.0 = Debug|Any CPU
		{EB1BAD4C-A685-4FA8-9DF6-E12251D727E0}.Release|Any CPU.ActiveCfg = Release|Any CPU
		{EB1BAD4C-A685-4FA8-9DF6-E12251D727E0}.Release|Any CPU.Build.0 = Release|Any CPU
		{EB1BAD4C-A685-4FA8-9DF6-E12251D727E0}.Release|x64.ActiveCfg = Release|Any CPU
		{EB1BAD4C-A685-4FA8-9DF6-E12251D727E0}.Release|x64.Build.0 = Release|Any CPU
		{EB1BAD4C-A685-4FA8-9DF6-E12251D727E0}.Release|x86.ActiveCfg = Release|Any CPU
		{EB1BAD4C-A685-4FA8-9DF6-E12251D727E0}.Release|x86.Build.0 = Release|Any CPU
		{EBAAF393-A765-4F1A-90D8-DD65153C9EFD}.Debug|Any CPU.ActiveCfg = Debug|Any CPU
		{EBAAF393-A765-4F1A-90D8-DD65153C9EFD}.Debug|Any CPU.Build.0 = Debug|Any CPU
		{EBAAF393-A765-4F1A-90D8-DD65153C9EFD}.Debug|x64.ActiveCfg = Debug|Any CPU
		{EBAAF393-A765-4F1A-90D8-DD65153C9EFD}.Debug|x64.Build.0 = Debug|Any CPU
		{EBAAF393-A765-4F1A-90D8-DD65153C9EFD}.Debug|x86.ActiveCfg = Debug|Any CPU
		{EBAAF393-A765-4F1A-90D8-DD65153C9EFD}.Debug|x86.Build.0 = Debug|Any CPU
		{EBAAF393-A765-4F1A-90D8-DD65153C9EFD}.Release|Any CPU.ActiveCfg = Release|Any CPU
		{EBAAF393-A765-4F1A-90D8-DD65153C9EFD}.Release|Any CPU.Build.0 = Release|Any CPU
		{EBAAF393-A765-4F1A-90D8-DD65153C9EFD}.Release|x64.ActiveCfg = Release|Any CPU
		{EBAAF393-A765-4F1A-90D8-DD65153C9EFD}.Release|x64.Build.0 = Release|Any CPU
		{EBAAF393-A765-4F1A-90D8-DD65153C9EFD}.Release|x86.ActiveCfg = Release|Any CPU
		{EBAAF393-A765-4F1A-90D8-DD65153C9EFD}.Release|x86.Build.0 = Release|Any CPU
		{3C3565BC-6661-404F-BE99-C14A791B9C8A}.Debug|Any CPU.ActiveCfg = Debug|Any CPU
		{3C3565BC-6661-404F-BE99-C14A791B9C8A}.Debug|Any CPU.Build.0 = Debug|Any CPU
		{3C3565BC-6661-404F-BE99-C14A791B9C8A}.Debug|x64.ActiveCfg = Debug|Any CPU
		{3C3565BC-6661-404F-BE99-C14A791B9C8A}.Debug|x64.Build.0 = Debug|Any CPU
		{3C3565BC-6661-404F-BE99-C14A791B9C8A}.Debug|x86.ActiveCfg = Debug|Any CPU
		{3C3565BC-6661-404F-BE99-C14A791B9C8A}.Debug|x86.Build.0 = Debug|Any CPU
		{3C3565BC-6661-404F-BE99-C14A791B9C8A}.Release|Any CPU.ActiveCfg = Release|Any CPU
		{3C3565BC-6661-404F-BE99-C14A791B9C8A}.Release|Any CPU.Build.0 = Release|Any CPU
		{3C3565BC-6661-404F-BE99-C14A791B9C8A}.Release|x64.ActiveCfg = Release|Any CPU
		{3C3565BC-6661-404F-BE99-C14A791B9C8A}.Release|x64.Build.0 = Release|Any CPU
		{3C3565BC-6661-404F-BE99-C14A791B9C8A}.Release|x86.ActiveCfg = Release|Any CPU
		{3C3565BC-6661-404F-BE99-C14A791B9C8A}.Release|x86.Build.0 = Release|Any CPU
		{9A4167C0-DC08-4494-A36D-54C22763E5B6}.Debug|Any CPU.ActiveCfg = Debug|Any CPU
		{9A4167C0-DC08-4494-A36D-54C22763E5B6}.Debug|Any CPU.Build.0 = Debug|Any CPU
		{9A4167C0-DC08-4494-A36D-54C22763E5B6}.Debug|x64.ActiveCfg = Debug|Any CPU
		{9A4167C0-DC08-4494-A36D-54C22763E5B6}.Debug|x64.Build.0 = Debug|Any CPU
		{9A4167C0-DC08-4494-A36D-54C22763E5B6}.Debug|x86.ActiveCfg = Debug|Any CPU
		{9A4167C0-DC08-4494-A36D-54C22763E5B6}.Debug|x86.Build.0 = Debug|Any CPU
		{9A4167C0-DC08-4494-A36D-54C22763E5B6}.Release|Any CPU.ActiveCfg = Release|Any CPU
		{9A4167C0-DC08-4494-A36D-54C22763E5B6}.Release|Any CPU.Build.0 = Release|Any CPU
		{9A4167C0-DC08-4494-A36D-54C22763E5B6}.Release|x64.ActiveCfg = Release|Any CPU
		{9A4167C0-DC08-4494-A36D-54C22763E5B6}.Release|x64.Build.0 = Release|Any CPU
		{9A4167C0-DC08-4494-A36D-54C22763E5B6}.Release|x86.ActiveCfg = Release|Any CPU
		{9A4167C0-DC08-4494-A36D-54C22763E5B6}.Release|x86.Build.0 = Release|Any CPU
		{885E3A89-54D6-42EA-8CA4-9C95B3695D1A}.Debug|Any CPU.ActiveCfg = Debug|Any CPU
		{885E3A89-54D6-42EA-8CA4-9C95B3695D1A}.Debug|Any CPU.Build.0 = Debug|Any CPU
		{885E3A89-54D6-42EA-8CA4-9C95B3695D1A}.Debug|x64.ActiveCfg = Debug|Any CPU
		{885E3A89-54D6-42EA-8CA4-9C95B3695D1A}.Debug|x64.Build.0 = Debug|Any CPU
		{885E3A89-54D6-42EA-8CA4-9C95B3695D1A}.Debug|x86.ActiveCfg = Debug|Any CPU
		{885E3A89-54D6-42EA-8CA4-9C95B3695D1A}.Debug|x86.Build.0 = Debug|Any CPU
		{885E3A89-54D6-42EA-8CA4-9C95B3695D1A}.Release|Any CPU.ActiveCfg = Release|Any CPU
		{885E3A89-54D6-42EA-8CA4-9C95B3695D1A}.Release|Any CPU.Build.0 = Release|Any CPU
		{885E3A89-54D6-42EA-8CA4-9C95B3695D1A}.Release|x64.ActiveCfg = Release|Any CPU
		{885E3A89-54D6-42EA-8CA4-9C95B3695D1A}.Release|x64.Build.0 = Release|Any CPU
		{885E3A89-54D6-42EA-8CA4-9C95B3695D1A}.Release|x86.ActiveCfg = Release|Any CPU
		{885E3A89-54D6-42EA-8CA4-9C95B3695D1A}.Release|x86.Build.0 = Release|Any CPU
	EndGlobalSection
	GlobalSection(SolutionProperties) = preSolution
		HideSolutionNode = FALSE
	EndGlobalSection
	GlobalSection(NestedProjects) = preSolution
		{EB1BAD4C-A685-4FA8-9DF6-E12251D727E0} = {29D5C055-963F-44DB-AD26-FCCAFC6A3014}
		{EBAAF393-A765-4F1A-90D8-DD65153C9EFD} = {29D5C055-963F-44DB-AD26-FCCAFC6A3014}
		{3C3565BC-6661-404F-BE99-C14A791B9C8A} = {29D5C055-963F-44DB-AD26-FCCAFC6A3014}
		{9A4167C0-DC08-4494-A36D-54C22763E5B6} = {29D5C055-963F-44DB-AD26-FCCAFC6A3014}
		{885E3A89-54D6-42EA-8CA4-9C95B3695D1A} = {0AB3BF05-4346-4AA6-1389-037BE0695223}
	EndGlobalSection
EndGlobal
